{
  "name": "mcface",
  "version": "1.1.0",
  "lockfileVersion": 1,
  "requires": true,
  "dependencies": {
    "capitalize-first-char": {
      "version": "1.0.0",
      "resolved": "https://registry.npmjs.org/capitalize-first-char/-/capitalize-first-char-1.0.0.tgz",
      "integrity": "sha1-gWqAgrkpxsLW8qU6t5o7u90zPws="
    },
    "strands": {
      "version": "1.0.1",
      "resolved": "https://registry.npmjs.org/strands/-/strands-1.0.1.tgz",
      "integrity": "sha1-ruILy8nfhhV4DBn/7Q14Xvx6TTM="
    },
    "the-letter-a": {
      "version": "1.0.0",
      "resolved": "https://registry.npmjs.org/the-letter-a/-/the-letter-a-1.0.0.tgz",
      "integrity": "sha512-klOoo/VQl99ZpzB9nvEXM5SfzHJh8r2yrxU944eSV/0H+HO8D5QMrdfRe43yzH+0UzjZbjMSVO+jbR1J+iZA7w=="
    },
    "the-letter-c": {
      "version": "1.0.0",
      "resolved": "https://registry.npmjs.org/the-letter-c/-/the-letter-c-1.0.0.tgz",
      "integrity": "sha512-BG9/T+WWbXnT0WF/Eor1P66xu6F6AQHzGx7tW1/gCU1ZNLY9IHmEORaWr5Zuf4Kps+jnOUR4gc11IOga+xRvPg=="
    },
    "the-letter-e": {
      "version": "1.0.0",
      "resolved": "https://registry.npmjs.org/the-letter-e/-/the-letter-e-1.0.0.tgz",
      "integrity": "sha512-MQC4LxVbiI/F6wU+RbzgedNez8RhSRtG8wLKwEF3pOEsVH8SnqsHZM1Nuzq6tP2qa2jvB8WbCssMclGpt1r1WA=="
    },
    "the-letter-f": {
      "version": "1.0.0",
      "resolved": "https://registry.npmjs.org/the-letter-f/-/the-letter-f-1.0.0.tgz",
      "integrity": "sha512-W0JxKk1DGuhD0sfii611aVMaBZAxgo6aiWAmVZooxvTKGPFpnn2weoeShU2OqF7kzbXmu0e8v/I1Z0ppNBbsgA=="
    },
    "the-letter-m": {
      "version": "1.0.0",
      "resolved": "https://registry.npmjs.org/the-letter-m/-/the-letter-m-1.0.0.tgz",
      "integrity": "sha512-ewGZEH0v8RLrKDqw+58kEF8RvwwIxh0/24Ho2uylXApp8ihYjULrMtXn02VVVI6zofgZmh8Jmfqn7uCVK3rBpg=="
    },
    "the-letter-space": {
      "version": "1.0.1",
      "resolved": "https://registry.npmjs.org/the-letter-space/-/the-letter-space-1.0.1.tgz",
      "integrity": "sha512-RTH5jZYCtESlTJ83Q7uNv4d2PeFOcSXYSajcqf1FH8gY0cZl91cc5L89SLDrw/pnePF/QAQeq0QlSjkfK2ezKQ=="
    },
    "the-letter-y": {
      "version": "1.0.0",
      "resolved": "https://registry.npmjs.org/the-letter-y/-/the-letter-y-1.0.0.tgz",
      "integrity": "sha512-cQiiVH+R9hgU3FP8bXhmBXYKpjz7Egc8a7PaZEANaBUGscaM2IDMxKxlX85VJzBZfHrH+qunqscxjGCJotRRmQ=="
    }
  }
}
