{
  "name": "mcface",
  "version": "1.1.0",
  "lockfileVersion": 1,
  "requires": true,
  "dependencies": {
    "@characters/a": {
      "version": "1.1.2",
      "resolved": "https://registry.npmjs.org/@characters/a/-/a-1.1.2.tgz",
      "integrity": "sha512-wvAW9Cqqhh7IBuXQjHgSTk72rmnP5+ta2eoV/3orTI3ihfBEbEVS8kXd8r5cdXWKWEi6Bshq7ScDRW0eNX3m/A=="
    },
    "@characters/c": {
      "version": "1.1.2",
      "resolved": "https://registry.npmjs.org/@characters/c/-/c-1.1.2.tgz",
      "integrity": "sha512-gR9uMPcV1r5NOPz8UzJl0fhQvxrQloQnlZJzdelZSZWbKqidH4zE4MHhKEpm2s71vDq8bMLr/sidB/IclITK3w=="
    },
    "@characters/e": {
      "version": "1.1.2",
      "resolved": "https://registry.npmjs.org/@characters/e/-/e-1.1.2.tgz",
      "integrity": "sha512-6pW6Qr2+b41CfyMgisAhZ+jMY6wa1/a/5xidSa6naNcC8jtQuUktfiNFFq8l1yzRQtN6lnlai/zh03PF7C7LjA=="
    },
    "@characters/f": {
      "version": "1.1.2",
      "resolved": "https://registry.npmjs.org/@characters/f/-/f-1.1.2.tgz",
      "integrity": "sha512-86bNf2vHg2fdiINE/Mt3rgZu/iRNkP5VQ/ebDRfA/ZUdOeHH7sUxcaS9dI+I69VoDNOXOet/vOzxvFSCwKc3cw=="
    },
    "@characters/m-uppercase": {
      "version": "1.1.2",
      "resolved": "https://registry.npmjs.org/@characters/m-uppercase/-/m-uppercase-1.1.2.tgz",
      "integrity": "sha512-R15NEKfdAvXctEeXwHL2iiySJTCaH7j6bBuCIpw5Pu92XGPG9c0pOXEpc8fN+ssiO9eEkqBFEqnz365n7pPJKA=="
    },
    "@characters/space": {
      "version": "1.1.2",
      "resolved": "https://registry.npmjs.org/@characters/space/-/space-1.1.2.tgz",
      "integrity": "sha512-5TVUC0jIZ9v2xQzYzWEyvjxIyuYafJNBkZ0MUd7/jl47/SYMYxpyk3ZwCrNJRuhs+yK7+TuskMSAHTS8emiAYw=="
    },
    "@characters/y": {
      "version": "1.1.2",
      "resolved": "https://registry.npmjs.org/@characters/y/-/y-1.1.2.tgz",
      "integrity": "sha512-AeC1ieAvQVf0t3fH98vh0E4ABz4WZwp+9KAt1RbDfM0Xzyc5pVYXtiVIsJFCKmbqKf7QpXPMu700Wzg/tjTacQ=="
    },
    "capitalize-first-char": {
      "version": "1.0.0",
      "resolved": "https://registry.npmjs.org/capitalize-first-char/-/capitalize-first-char-1.0.0.tgz",
      "integrity": "sha1-gWqAgrkpxsLW8qU6t5o7u90zPws="
    },
    "strands": {
      "version": "1.0.1",
      "resolved": "https://registry.npmjs.org/strands/-/strands-1.0.1.tgz",
      "integrity": "sha1-ruILy8nfhhV4DBn/7Q14Xvx6TTM="
    }
  }
}
